
Microsoft Visual Studio Solution File, Format Version 12.00
# Visual Studio Version 17
VisualStudioVersion = 17.5.33516.290
MinimumVisualStudioVersion = 10.0.40219.1
Project("{FAE04EC0-301F-11D3-BF4B-00C04F79EFBC}") = "toons", "toons\toons.csproj", "{8A80C64D-8819-422A-8051-D4BFE57B79DF}"
EndProject
Global
	GlobalSection(SolutionConfigurationPlatforms) = preSolution
		Debug|Any CPU = Debug|Any CPU
		Release|Any CPU = Release|Any CPU
	EndGlobalSection
	GlobalSection(ProjectConfigurationPlatforms) = postSolution
		{8A80C64D-8819-422A-8051-D4BFE57B79DF}.Debug|Any CPU.ActiveCfg = Debug|Any CPU
		{8A80C64D-8819-422A-8051-D4BFE57B79DF}.Debug|Any CPU.Build.0 = Debug|Any CPU
		{8A80C64D-8819-422A-8051-D4BFE57B79DF}.Release|Any CPU.ActiveCfg = Release|Any CPU
		{8A80C64D-8819-422A-8051-D4BFE57B79DF}.Release|Any CPU.Build.0 = Release|Any CPU
	EndGlobalSection
	GlobalSection(SolutionProperties) = preSolution
		HideSolutionNode = FALSE
	EndGlobalSection
	GlobalSection(ExtensibilityGlobals) = postSolution
		SolutionGuid = {A213AC5D-C34C-49AB-83BC-F8676FBB2B03}
	EndGlobalSection
EndGlobal
